# THIS IS AN AUTOGENERATED FILE. DO NOT EDIT THIS FILE DIRECTLY.
# yarn lockfile v1


"@types/node@^14.0.5":
  version "14.0.5"
  resolved "https://registry.yarnpkg.com/@types/node/-/node-14.0.5.tgz#3d03acd3b3414cf67faf999aed11682ed121f22b"
  integrity sha512-90hiq6/VqtQgX8Sp0EzeIsv3r+ellbGj4URKj5j30tLlZvRUpnAe9YbYnjl3pJM93GyXU0tghHhvXHq+5rnCKA==

import-maps@^0.2.1:
  version "0.2.1"
  resolved "https://registry.yarnpkg.com/import-maps/-/import-maps-0.2.1.tgz#ca641bf85c21077a186df1461008b8dc8867fedb"
  integrity sha512-JUHl+ZpG8T/GTU4IIx2eno4T4wqbIiRU4XXPeCk8j+iXD4uZT60SAbrvOqu5Xc/Zo5+Hw2fO0A0760b28z2HuQ==
